
Microsoft Visual Studio Solution File, Format Version 12.00
# Visual Studio 15
VisualStudioVersion = 15.0.27130.2036
MinimumVisualStudioVersion = 10.0.40219.1
Project("{8BC9CEB8-8B4A-11D0-8D11-00A0C91BC942}") = "battleship.c", "battleship.c\battleship.c.vcxproj", "{7DCD3225-9BED-490A-8FFE-69392BA3E299}"
EndProject
Global
	GlobalSection(SolutionConfigurationPlatforms) = preSolution
		Debug|x64 = Debug|x64
		Debug|x86 = Debug|x86
		Release|x64 = Release|x64
		Release|x86 = Release|x86
	EndGlobalSection
	GlobalSection(ProjectConfigurationPlatforms) = postSolution
		{7DCD3225-9BED-490A-8FFE-69392BA3E299}.Debug|x64.ActiveCfg = Debug|x64
		{7DCD3225-9BED-490A-8FFE-69392BA3E299}.Debug|x64.Build.0 = Debug|x64
		{7DCD3225-9BED-490A-8FFE-69392BA3E299}.Debug|x86.ActiveCfg = Debug|Win32
		{7DCD3225-9BED-490A-8FFE-69392BA3E299}.Debug|x86.Build.0 = Debug|Win32
		{7DCD3225-9BED-490A-8FFE-69392BA3E299}.Release|x64.ActiveCfg = Release|x64
		{7DCD3225-9BED-490A-8FFE-69392BA3E299}.Release|x64.Build.0 = Release|x64
		{7DCD3225-9BED-490A-8FFE-69392BA3E299}.Release|x86.ActiveCfg = Release|Win32
		{7DCD3225-9BED-490A-8FFE-69392BA3E299}.Release|x86.Build.0 = Release|Win32
	EndGlobalSection
	GlobalSection(SolutionProperties) = preSolution
		HideSolutionNode = FALSE
	EndGlobalSection
	GlobalSection(ExtensibilityGlobals) = postSolution
		SolutionGuid = {A2E27340-CF28-4BB1-B927-8C864748B327}
	EndGlobalSection
EndGlobal
