
Microsoft Visual Studio Solution File, Format Version 12.00
# Visual Studio 15
VisualStudioVersion = 15.0.27130.2036
MinimumVisualStudioVersion = 10.0.40219.1
Project("{8BC9CEB8-8B4A-11D0-8D11-00A0C91BC942}") = "Lab3b", "Lab3b\Lab3b.vcxproj", "{202D9E65-30CD-44F2-A40D-3C1FAB77E1CA}"
EndProject
Global
	GlobalSection(SolutionConfigurationPlatforms) = preSolution
		Debug|x64 = Debug|x64
		Debug|x86 = Debug|x86
		Release|x64 = Release|x64
		Release|x86 = Release|x86
	EndGlobalSection
	GlobalSection(ProjectConfigurationPlatforms) = postSolution
		{202D9E65-30CD-44F2-A40D-3C1FAB77E1CA}.Debug|x64.ActiveCfg = Debug|x64
		{202D9E65-30CD-44F2-A40D-3C1FAB77E1CA}.Debug|x64.Build.0 = Debug|x64
		{202D9E65-30CD-44F2-A40D-3C1FAB77E1CA}.Debug|x86.ActiveCfg = Debug|Win32
		{202D9E65-30CD-44F2-A40D-3C1FAB77E1CA}.Debug|x86.Build.0 = Debug|Win32
		{202D9E65-30CD-44F2-A40D-3C1FAB77E1CA}.Release|x64.ActiveCfg = Release|x64
		{202D9E65-30CD-44F2-A40D-3C1FAB77E1CA}.Release|x64.Build.0 = Release|x64
		{202D9E65-30CD-44F2-A40D-3C1FAB77E1CA}.Release|x86.ActiveCfg = Release|Win32
		{202D9E65-30CD-44F2-A40D-3C1FAB77E1CA}.Release|x86.Build.0 = Release|Win32
	EndGlobalSection
	GlobalSection(SolutionProperties) = preSolution
		HideSolutionNode = FALSE
	EndGlobalSection
	GlobalSection(ExtensibilityGlobals) = postSolution
		SolutionGuid = {ECE28F84-010C-4240-ABAF-C8F2EAEED1F2}
	EndGlobalSection
EndGlobal
