
Microsoft Visual Studio Solution File, Format Version 12.00
# Visual Studio 15
VisualStudioVersion = 15.0.27130.2036
MinimumVisualStudioVersion = 10.0.40219.1
Project("{8BC9CEB8-8B4A-11D0-8D11-00A0C91BC942}") = "demoLab11-42.c", "demoLab11-42.c\demoLab11-42.c.vcxproj", "{EC013C42-6E0E-434B-A7D6-E7845F85A11C}"
EndProject
Global
	GlobalSection(SolutionConfigurationPlatforms) = preSolution
		Debug|x64 = Debug|x64
		Debug|x86 = Debug|x86
		Release|x64 = Release|x64
		Release|x86 = Release|x86
	EndGlobalSection
	GlobalSection(ProjectConfigurationPlatforms) = postSolution
		{EC013C42-6E0E-434B-A7D6-E7845F85A11C}.Debug|x64.ActiveCfg = Debug|x64
		{EC013C42-6E0E-434B-A7D6-E7845F85A11C}.Debug|x64.Build.0 = Debug|x64
		{EC013C42-6E0E-434B-A7D6-E7845F85A11C}.Debug|x86.ActiveCfg = Debug|Win32
		{EC013C42-6E0E-434B-A7D6-E7845F85A11C}.Debug|x86.Build.0 = Debug|Win32
		{EC013C42-6E0E-434B-A7D6-E7845F85A11C}.Release|x64.ActiveCfg = Release|x64
		{EC013C42-6E0E-434B-A7D6-E7845F85A11C}.Release|x64.Build.0 = Release|x64
		{EC013C42-6E0E-434B-A7D6-E7845F85A11C}.Release|x86.ActiveCfg = Release|Win32
		{EC013C42-6E0E-434B-A7D6-E7845F85A11C}.Release|x86.Build.0 = Release|Win32
	EndGlobalSection
	GlobalSection(SolutionProperties) = preSolution
		HideSolutionNode = FALSE
	EndGlobalSection
	GlobalSection(ExtensibilityGlobals) = postSolution
		SolutionGuid = {703F6321-417B-4795-BCD9-0E720EDEE73C}
	EndGlobalSection
EndGlobal
