
Microsoft Visual Studio Solution File, Format Version 12.00
# Visual Studio 15
VisualStudioVersion = 15.0.27130.2036
MinimumVisualStudioVersion = 10.0.40219.1
Project("{8BC9CEB8-8B4A-11D0-8D11-00A0C91BC942}") = "demoLab7-21.c", "demoLab7-21.c\demoLab7-21.c.vcxproj", "{2E30369A-661F-4C2F-9316-2A6CABCB03F0}"
EndProject
Global
	GlobalSection(SolutionConfigurationPlatforms) = preSolution
		Debug|x64 = Debug|x64
		Debug|x86 = Debug|x86
		Release|x64 = Release|x64
		Release|x86 = Release|x86
	EndGlobalSection
	GlobalSection(ProjectConfigurationPlatforms) = postSolution
		{2E30369A-661F-4C2F-9316-2A6CABCB03F0}.Debug|x64.ActiveCfg = Debug|x64
		{2E30369A-661F-4C2F-9316-2A6CABCB03F0}.Debug|x64.Build.0 = Debug|x64
		{2E30369A-661F-4C2F-9316-2A6CABCB03F0}.Debug|x86.ActiveCfg = Debug|Win32
		{2E30369A-661F-4C2F-9316-2A6CABCB03F0}.Debug|x86.Build.0 = Debug|Win32
		{2E30369A-661F-4C2F-9316-2A6CABCB03F0}.Release|x64.ActiveCfg = Release|x64
		{2E30369A-661F-4C2F-9316-2A6CABCB03F0}.Release|x64.Build.0 = Release|x64
		{2E30369A-661F-4C2F-9316-2A6CABCB03F0}.Release|x86.ActiveCfg = Release|Win32
		{2E30369A-661F-4C2F-9316-2A6CABCB03F0}.Release|x86.Build.0 = Release|Win32
	EndGlobalSection
	GlobalSection(SolutionProperties) = preSolution
		HideSolutionNode = FALSE
	EndGlobalSection
	GlobalSection(ExtensibilityGlobals) = postSolution
		SolutionGuid = {997CFCF5-50E2-44C7-B28B-D6F8164E767D}
	EndGlobalSection
EndGlobal
