
Microsoft Visual Studio Solution File, Format Version 12.00
# Visual Studio 15
VisualStudioVersion = 15.0.27130.2036
MinimumVisualStudioVersion = 10.0.40219.1
Project("{8BC9CEB8-8B4A-11D0-8D11-00A0C91BC942}") = "performance11-42.c", "performance11-42.c\performance11-42.c.vcxproj", "{90455FDE-6CCE-4942-9274-38A188F7FE77}"
EndProject
Global
	GlobalSection(SolutionConfigurationPlatforms) = preSolution
		Debug|x64 = Debug|x64
		Debug|x86 = Debug|x86
		Release|x64 = Release|x64
		Release|x86 = Release|x86
	EndGlobalSection
	GlobalSection(ProjectConfigurationPlatforms) = postSolution
		{90455FDE-6CCE-4942-9274-38A188F7FE77}.Debug|x64.ActiveCfg = Debug|x64
		{90455FDE-6CCE-4942-9274-38A188F7FE77}.Debug|x64.Build.0 = Debug|x64
		{90455FDE-6CCE-4942-9274-38A188F7FE77}.Debug|x86.ActiveCfg = Debug|Win32
		{90455FDE-6CCE-4942-9274-38A188F7FE77}.Debug|x86.Build.0 = Debug|Win32
		{90455FDE-6CCE-4942-9274-38A188F7FE77}.Release|x64.ActiveCfg = Release|x64
		{90455FDE-6CCE-4942-9274-38A188F7FE77}.Release|x64.Build.0 = Release|x64
		{90455FDE-6CCE-4942-9274-38A188F7FE77}.Release|x86.ActiveCfg = Release|Win32
		{90455FDE-6CCE-4942-9274-38A188F7FE77}.Release|x86.Build.0 = Release|Win32
	EndGlobalSection
	GlobalSection(SolutionProperties) = preSolution
		HideSolutionNode = FALSE
	EndGlobalSection
	GlobalSection(ExtensibilityGlobals) = postSolution
		SolutionGuid = {74A9C7F3-0815-4978-9137-7E11034EBD63}
	EndGlobalSection
EndGlobal
