
Microsoft Visual Studio Solution File, Format Version 12.00
# Visual Studio 15
VisualStudioVersion = 15.0.27130.2036
MinimumVisualStudioVersion = 10.0.40219.1
Project("{8BC9CEB8-8B4A-11D0-8D11-00A0C91BC942}") = "performance11-5.c", "performance11-5.c\performance11-5.c.vcxproj", "{2C25C5C0-8F6A-4575-99EF-FA0961109084}"
EndProject
Global
	GlobalSection(SolutionConfigurationPlatforms) = preSolution
		Debug|x64 = Debug|x64
		Debug|x86 = Debug|x86
		Release|x64 = Release|x64
		Release|x86 = Release|x86
	EndGlobalSection
	GlobalSection(ProjectConfigurationPlatforms) = postSolution
		{2C25C5C0-8F6A-4575-99EF-FA0961109084}.Debug|x64.ActiveCfg = Debug|x64
		{2C25C5C0-8F6A-4575-99EF-FA0961109084}.Debug|x64.Build.0 = Debug|x64
		{2C25C5C0-8F6A-4575-99EF-FA0961109084}.Debug|x86.ActiveCfg = Debug|Win32
		{2C25C5C0-8F6A-4575-99EF-FA0961109084}.Debug|x86.Build.0 = Debug|Win32
		{2C25C5C0-8F6A-4575-99EF-FA0961109084}.Release|x64.ActiveCfg = Release|x64
		{2C25C5C0-8F6A-4575-99EF-FA0961109084}.Release|x64.Build.0 = Release|x64
		{2C25C5C0-8F6A-4575-99EF-FA0961109084}.Release|x86.ActiveCfg = Release|Win32
		{2C25C5C0-8F6A-4575-99EF-FA0961109084}.Release|x86.Build.0 = Release|Win32
	EndGlobalSection
	GlobalSection(SolutionProperties) = preSolution
		HideSolutionNode = FALSE
	EndGlobalSection
	GlobalSection(ExtensibilityGlobals) = postSolution
		SolutionGuid = {E87E7F29-8A72-4730-87ED-691EC78AF09A}
	EndGlobalSection
EndGlobal
