
Microsoft Visual Studio Solution File, Format Version 12.00
# Visual Studio 15
VisualStudioVersion = 15.0.27130.2036
MinimumVisualStudioVersion = 10.0.40219.1
Project("{8BC9CEB8-8B4A-11D0-8D11-00A0C91BC942}") = "pokemonV1", "pokemonV1\pokemonV1.vcxproj", "{362B5439-3CD1-45AF-BCCA-21052EFBE63C}"
EndProject
Global
	GlobalSection(SolutionConfigurationPlatforms) = preSolution
		Debug|x64 = Debug|x64
		Debug|x86 = Debug|x86
		Release|x64 = Release|x64
		Release|x86 = Release|x86
	EndGlobalSection
	GlobalSection(ProjectConfigurationPlatforms) = postSolution
		{362B5439-3CD1-45AF-BCCA-21052EFBE63C}.Debug|x64.ActiveCfg = Debug|x64
		{362B5439-3CD1-45AF-BCCA-21052EFBE63C}.Debug|x64.Build.0 = Debug|x64
		{362B5439-3CD1-45AF-BCCA-21052EFBE63C}.Debug|x86.ActiveCfg = Debug|Win32
		{362B5439-3CD1-45AF-BCCA-21052EFBE63C}.Debug|x86.Build.0 = Debug|Win32
		{362B5439-3CD1-45AF-BCCA-21052EFBE63C}.Release|x64.ActiveCfg = Release|x64
		{362B5439-3CD1-45AF-BCCA-21052EFBE63C}.Release|x64.Build.0 = Release|x64
		{362B5439-3CD1-45AF-BCCA-21052EFBE63C}.Release|x86.ActiveCfg = Release|Win32
		{362B5439-3CD1-45AF-BCCA-21052EFBE63C}.Release|x86.Build.0 = Release|Win32
	EndGlobalSection
	GlobalSection(SolutionProperties) = preSolution
		HideSolutionNode = FALSE
	EndGlobalSection
	GlobalSection(ExtensibilityGlobals) = postSolution
		SolutionGuid = {F245D28F-1E50-469F-BC3E-A41A14D09B6D}
	EndGlobalSection
EndGlobal
